// !$*UTF8*$!
{
	archiveVersion = 1;
	classes = {
	};
	objectVersion = 46;
	objects = {

/* Begin PBXBuildFile section */
		695F2A741475A27D007EBA17 /* MainWindow.xib in Resources */ = {isa = PBXBuildFile; fileRef = 695F2A731475A27D007EBA17 /* MainWindow.xib */; };
		695F2A791475B07B007EBA17 /* TASearchViewController.m in Sources */ = {isa = PBXBuildFile; fileRef = 695F2A771475B07B007EBA17 /* TASearchViewController.m */; };
		695F2A7A1475B07B007EBA17 /* TASearchViewController.xib in Resources */ = {isa = PBXBuildFile; fileRef = 695F2A781475B07B007EBA17 /* TASearchViewController.xib */; };
		695F2A811475B248007EBA17 /* Search Background@2x.png in Resources */ = {isa = PBXBuildFile; fileRef = 695F2A7F1475B248007EBA17 /* Search Background@2x.png */; };
		695F2A8C1475C8CA007EBA17 /* TALocationTracking.m in Sources */ = {isa = PBXBuildFile; fileRef = 695F2A8B1475C8CA007EBA17 /* TALocationTracking.m */; };
		695F2A8F1475CBFF007EBA17 /* CoreLocation.framework in Frameworks */ = {isa = PBXBuildFile; fileRef = 695F2A8E1475CBFF007EBA17 /* CoreLocation.framework */; };
		698AF5751475D1DB0032B278 /* TADestinationGeocoder.m in Sources */ = {isa = PBXBuildFile; fileRef = 698AF5741475D1DB0032B278 /* TADestinationGeocoder.m */; };
		698AF57A1475D7130032B278 /* TASearchLocation.m in Sources */ = {isa = PBXBuildFile; fileRef = 698AF5791475D7130032B278 /* TASearchLocation.m */; };
		698AF57E1475D8E70032B278 /* PPURLRequest.m in Sources */ = {isa = PBXBuildFile; fileRef = 698AF57C1475D8E70032B278 /* PPURLRequest.m */; };
		698AF6121475DCD70032B278 /* NSObject+SBJSON.m in Sources */ = {isa = PBXBuildFile; fileRef = 698AF5851475DCD70032B278 /* NSObject+SBJSON.m */; };
		698AF6131475DCD70032B278 /* NSString+SBJSON.m in Sources */ = {isa = PBXBuildFile; fileRef = 698AF5871475DCD70032B278 /* NSString+SBJSON.m */; };
		698AF6141475DCD70032B278 /* SBJsonBase.m in Sources */ = {isa = PBXBuildFile; fileRef = 698AF5891475DCD70032B278 /* SBJsonBase.m */; };
		698AF6151475DCD70032B278 /* SBJsonParser.m in Sources */ = {isa = PBXBuildFile; fileRef = 698AF58B1475DCD70032B278 /* SBJsonParser.m */; };
		698AF6161475DCD70032B278 /* SBJsonWriter.m in Sources */ = {isa = PBXBuildFile; fileRef = 698AF58D1475DCD70032B278 /* SBJsonWriter.m */; };
		698AF6C0147AEA580032B278 /* 184-warning-white.png in Resources */ = {isa = PBXBuildFile; fileRef = 698AF6BC147AEA580032B278 /* 184-warning-white.png */; };
		698AF6C1147AEA580032B278 /* 184-warning-white@2x.png in Resources */ = {isa = PBXBuildFile; fileRef = 698AF6BD147AEA580032B278 /* 184-warning-white@2x.png */; };
		698AF6C2147AEA580032B278 /* 184-warning.png in Resources */ = {isa = PBXBuildFile; fileRef = 698AF6BE147AEA580032B278 /* 184-warning.png */; };
		698AF6C3147AEA580032B278 /* 184-warning@2x.png in Resources */ = {isa = PBXBuildFile; fileRef = 698AF6BF147AEA580032B278 /* 184-warning@2x.png */; };
		698AF6CF147B09A80032B278 /* TAResultsViewController.m in Sources */ = {isa = PBXBuildFile; fileRef = 698AF6CD147B09A80032B278 /* TAResultsViewController.m */; };
		698AF6D0147B09A80032B278 /* TAResultsViewController.xib in Resources */ = {isa = PBXBuildFile; fileRef = 698AF6CE147B09A80032B278 /* TAResultsViewController.xib */; };
		698AF6D4147C39610032B278 /* TAResultsTableViewCell.m in Sources */ = {isa = PBXBuildFile; fileRef = 698AF6D3147C39610032B278 /* TAResultsTableViewCell.m */; };
		698AF6D6147C39CA0032B278 /* TAResultsTableViewCell.xib in Resources */ = {isa = PBXBuildFile; fileRef = 698AF6D5147C39CA0032B278 /* TAResultsTableViewCell.xib */; };
		698AF6EA148469E00032B278 /* TADirectionsRequest.m in Sources */ = {isa = PBXBuildFile; fileRef = 698AF6E9148469E00032B278 /* TADirectionsRequest.m */; };
		698AF6EF14856DE80032B278 /* TADirectionsRoute.m in Sources */ = {isa = PBXBuildFile; fileRef = 698AF6EE14856DE80032B278 /* TADirectionsRoute.m */; };
		6997BD6E1473202F00F8C96F /* UIKit.framework in Frameworks */ = {isa = PBXBuildFile; fileRef = 6997BD6D1473202F00F8C96F /* UIKit.framework */; };
		6997BD701473202F00F8C96F /* Foundation.framework in Frameworks */ = {isa = PBXBuildFile; fileRef = 6997BD6F1473202F00F8C96F /* Foundation.framework */; };
		6997BD721473202F00F8C96F /* CoreGraphics.framework in Frameworks */ = {isa = PBXBuildFile; fileRef = 6997BD711473202F00F8C96F /* CoreGraphics.framework */; };
		6997BDBA147329F400F8C96F /* main.m in Sources */ = {isa = PBXBuildFile; fileRef = 6997BDB9147329F400F8C96F /* main.m */; };
		6997BDC714732BD700F8C96F /* InfoPlist.strings in Resources */ = {isa = PBXBuildFile; fileRef = 6997BDC514732BD700F8C96F /* InfoPlist.strings */; };
		6997BDCF14732C7B00F8C96F /* TAAppDelegate.m in Sources */ = {isa = PBXBuildFile; fileRef = 6997BDCB14732C7B00F8C96F /* TAAppDelegate.m */; };
		69DAAC561486C7A10057FE34 /* Direct.png in Resources */ = {isa = PBXBuildFile; fileRef = 69DAAC501486C7A10057FE34 /* Direct.png */; };
		69DAAC571486C7A10057FE34 /* Direct@2x.png in Resources */ = {isa = PBXBuildFile; fileRef = 69DAAC511486C7A10057FE34 /* Direct@2x.png */; };
		69DAAC581486C7A10057FE34 /* I-90.png in Resources */ = {isa = PBXBuildFile; fileRef = 69DAAC521486C7A10057FE34 /* I-90.png */; };
		69DAAC591486C7A10057FE34 /* I-90@2x.png in Resources */ = {isa = PBXBuildFile; fileRef = 69DAAC531486C7A10057FE34 /* I-90@2x.png */; };
		69DAAC5A1486C7A10057FE34 /* WA-520.png in Resources */ = {isa = PBXBuildFile; fileRef = 69DAAC541486C7A10057FE34 /* WA-520.png */; };
		69DAAC5B1486C7A10057FE34 /* WA-520@2x.png in Resources */ = {isa = PBXBuildFile; fileRef = 69DAAC551486C7A10057FE34 /* WA-520@2x.png */; };
/* End PBXBuildFile section */

/* Begin PBXFileReference section */
		695F2A731475A27D007EBA17 /* MainWindow.xib */ = {isa = PBXFileReference; fileEncoding = 4; lastKnownFileType = file.xib; path = MainWindow.xib; sourceTree = "<group>"; };
		695F2A761475B07B007EBA17 /* TASearchViewController.h */ = {isa = PBXFileReference; fileEncoding = 4; lastKnownFileType = sourcecode.c.h; path = TASearchViewController.h; sourceTree = "<group>"; };
		695F2A771475B07B007EBA17 /* TASearchViewController.m */ = {isa = PBXFileReference; fileEncoding = 4; lastKnownFileType = sourcecode.c.objc; path = TASearchViewController.m; sourceTree = "<group>"; };
		695F2A781475B07B007EBA17 /* TASearchViewController.xib */ = {isa = PBXFileReference; fileEncoding = 4; lastKnownFileType = file.xib; path = TASearchViewController.xib; sourceTree = "<group>"; };
		695F2A7F1475B248007EBA17 /* Search Background@2x.png */ = {isa = PBXFileReference; lastKnownFileType = image.png; path = "Search Background@2x.png"; sourceTree = "<group>"; };
		695F2A8A1475C8CA007EBA17 /* TALocationTracking.h */ = {isa = PBXFileReference; fileEncoding = 4; lastKnownFileType = sourcecode.c.h; path = TALocationTracking.h; sourceTree = "<group>"; };
		695F2A8B1475C8CA007EBA17 /* TALocationTracking.m */ = {isa = PBXFileReference; fileEncoding = 4; lastKnownFileType = sourcecode.c.objc; path = TALocationTracking.m; sourceTree = "<group>"; };
		695F2A8E1475CBFF007EBA17 /* CoreLocation.framework */ = {isa = PBXFileReference; lastKnownFileType = wrapper.framework; name = CoreLocation.framework; path = System/Library/Frameworks/CoreLocation.framework; sourceTree = SDKROOT; };
		698AF5731475D1DB0032B278 /* TADestinationGeocoder.h */ = {isa = PBXFileReference; fileEncoding = 4; lastKnownFileType = sourcecode.c.h; path = TADestinationGeocoder.h; sourceTree = "<group>"; };
		698AF5741475D1DB0032B278 /* TADestinationGeocoder.m */ = {isa = PBXFileReference; fileEncoding = 4; lastKnownFileType = sourcecode.c.objc; path = TADestinationGeocoder.m; sourceTree = "<group>"; };
		698AF5771475D2060032B278 /* TADestinationGeocoderStatus.h */ = {isa = PBXFileReference; fileEncoding = 4; lastKnownFileType = sourcecode.c.h; path = TADestinationGeocoderStatus.h; sourceTree = "<group>"; };
		698AF5781475D7130032B278 /* TASearchLocation.h */ = {isa = PBXFileReference; fileEncoding = 4; lastKnownFileType = sourcecode.c.h; path = TASearchLocation.h; sourceTree = "<group>"; };
		698AF5791475D7130032B278 /* TASearchLocation.m */ = {isa = PBXFileReference; fileEncoding = 4; lastKnownFileType = sourcecode.c.objc; path = TASearchLocation.m; sourceTree = "<group>"; };
		698AF57B1475D8E70032B278 /* PPURLRequest.h */ = {isa = PBXFileReference; fileEncoding = 4; lastKnownFileType = sourcecode.c.h; path = PPURLRequest.h; sourceTree = "<group>"; };
		698AF57C1475D8E70032B278 /* PPURLRequest.m */ = {isa = PBXFileReference; fileEncoding = 4; lastKnownFileType = sourcecode.c.objc; path = PPURLRequest.m; sourceTree = "<group>"; };
		698AF57D1475D8E70032B278 /* PPURLRequestDelegate.h */ = {isa = PBXFileReference; fileEncoding = 4; lastKnownFileType = sourcecode.c.h; path = PPURLRequestDelegate.h; sourceTree = "<group>"; };
		698AF5831475DCD70032B278 /* JSON.h */ = {isa = PBXFileReference; fileEncoding = 4; lastKnownFileType = sourcecode.c.h; path = JSON.h; sourceTree = "<group>"; };
		698AF5841475DCD70032B278 /* NSObject+SBJSON.h */ = {isa = PBXFileReference; fileEncoding = 4; lastKnownFileType = sourcecode.c.h; path = "NSObject+SBJSON.h"; sourceTree = "<group>"; };
		698AF5851475DCD70032B278 /* NSObject+SBJSON.m */ = {isa = PBXFileReference; fileEncoding = 4; lastKnownFileType = sourcecode.c.objc; path = "NSObject+SBJSON.m"; sourceTree = "<group>"; };
		698AF5861475DCD70032B278 /* NSString+SBJSON.h */ = {isa = PBXFileReference; fileEncoding = 4; lastKnownFileType = sourcecode.c.h; path = "NSString+SBJSON.h"; sourceTree = "<group>"; };
		698AF5871475DCD70032B278 /* NSString+SBJSON.m */ = {isa = PBXFileReference; fileEncoding = 4; lastKnownFileType = sourcecode.c.objc; path = "NSString+SBJSON.m"; sourceTree = "<group>"; };
		698AF5881475DCD70032B278 /* SBJsonBase.h */ = {isa = PBXFileReference; fileEncoding = 4; lastKnownFileType = sourcecode.c.h; path = SBJsonBase.h; sourceTree = "<group>"; };
		698AF5891475DCD70032B278 /* SBJsonBase.m */ = {isa = PBXFileReference; fileEncoding = 4; lastKnownFileType = sourcecode.c.objc; path = SBJsonBase.m; sourceTree = "<group>"; };
		698AF58A1475DCD70032B278 /* SBJsonParser.h */ = {isa = PBXFileReference; fileEncoding = 4; lastKnownFileType = sourcecode.c.h; path = SBJsonParser.h; sourceTree = "<group>"; };
		698AF58B1475DCD70032B278 /* SBJsonParser.m */ = {isa = PBXFileReference; fileEncoding = 4; lastKnownFileType = sourcecode.c.objc; path = SBJsonParser.m; sourceTree = "<group>"; };
		698AF58C1475DCD70032B278 /* SBJsonWriter.h */ = {isa = PBXFileReference; fileEncoding = 4; lastKnownFileType = sourcecode.c.h; path = SBJsonWriter.h; sourceTree = "<group>"; };
		698AF58D1475DCD70032B278 /* SBJsonWriter.m */ = {isa = PBXFileReference; fileEncoding = 4; lastKnownFileType = sourcecode.c.objc; path = SBJsonWriter.m; sourceTree = "<group>"; };
		698AF6BB1477236D0032B278 /* TALocationTrackingStatus.h */ = {isa = PBXFileReference; fileEncoding = 4; lastKnownFileType = sourcecode.c.h; path = TALocationTrackingStatus.h; sourceTree = "<group>"; };
		698AF6BC147AEA580032B278 /* 184-warning-white.png */ = {isa = PBXFileReference; lastKnownFileType = image.png; path = "184-warning-white.png"; sourceTree = "<group>"; };
		698AF6BD147AEA580032B278 /* 184-warning-white@2x.png */ = {isa = PBXFileReference; lastKnownFileType = image.png; path = "184-warning-white@2x.png"; sourceTree = "<group>"; };
		698AF6BE147AEA580032B278 /* 184-warning.png */ = {isa = PBXFileReference; lastKnownFileType = image.png; path = "184-warning.png"; sourceTree = "<group>"; };
		698AF6BF147AEA580032B278 /* 184-warning@2x.png */ = {isa = PBXFileReference; lastKnownFileType = image.png; path = "184-warning@2x.png"; sourceTree = "<group>"; };
		698AF6CC147B09A80032B278 /* TAResultsViewController.h */ = {isa = PBXFileReference; fileEncoding = 4; lastKnownFileType = sourcecode.c.h; path = TAResultsViewController.h; sourceTree = "<group>"; };
		698AF6CD147B09A80032B278 /* TAResultsViewController.m */ = {isa = PBXFileReference; fileEncoding = 4; lastKnownFileType = sourcecode.c.objc; path = TAResultsViewController.m; sourceTree = "<group>"; };
		698AF6CE147B09A80032B278 /* TAResultsViewController.xib */ = {isa = PBXFileReference; fileEncoding = 4; lastKnownFileType = file.xib; path = TAResultsViewController.xib; sourceTree = "<group>"; };
		698AF6D2147C39610032B278 /* TAResultsTableViewCell.h */ = {isa = PBXFileReference; fileEncoding = 4; lastKnownFileType = sourcecode.c.h; path = TAResultsTableViewCell.h; sourceTree = "<group>"; };
		698AF6D3147C39610032B278 /* TAResultsTableViewCell.m */ = {isa = PBXFileReference; fileEncoding = 4; lastKnownFileType = sourcecode.c.objc; path = TAResultsTableViewCell.m; sourceTree = "<group>"; };
		698AF6D5147C39CA0032B278 /* TAResultsTableViewCell.xib */ = {isa = PBXFileReference; fileEncoding = 4; lastKnownFileType = file.xib; path = TAResultsTableViewCell.xib; sourceTree = "<group>"; };
		698AF6E8148469E00032B278 /* TADirectionsRequest.h */ = {isa = PBXFileReference; fileEncoding = 4; lastKnownFileType = sourcecode.c.h; path = TADirectionsRequest.h; sourceTree = "<group>"; };
		698AF6E9148469E00032B278 /* TADirectionsRequest.m */ = {isa = PBXFileReference; fileEncoding = 4; lastKnownFileType = sourcecode.c.objc; path = TADirectionsRequest.m; sourceTree = "<group>"; };
		698AF6EC14856ABA0032B278 /* TADirectionsRequestStatus.h */ = {isa = PBXFileReference; fileEncoding = 4; lastKnownFileType = sourcecode.c.h; path = TADirectionsRequestStatus.h; sourceTree = "<group>"; };
		698AF6ED14856DE70032B278 /* TADirectionsRoute.h */ = {isa = PBXFileReference; fileEncoding = 4; lastKnownFileType = sourcecode.c.h; path = TADirectionsRoute.h; sourceTree = "<group>"; };
		698AF6EE14856DE80032B278 /* TADirectionsRoute.m */ = {isa = PBXFileReference; fileEncoding = 4; lastKnownFileType = sourcecode.c.objc; path = TADirectionsRoute.m; sourceTree = "<group>"; };
		6997BD691473202F00F8C96F /* TollAvoider.app */ = {isa = PBXFileReference; explicitFileType = wrapper.application; includeInIndex = 0; path = TollAvoider.app; sourceTree = BUILT_PRODUCTS_DIR; };
		6997BD6D1473202F00F8C96F /* UIKit.framework */ = {isa = PBXFileReference; lastKnownFileType = wrapper.framework; name = UIKit.framework; path = System/Library/Frameworks/UIKit.framework; sourceTree = SDKROOT; };
		6997BD6F1473202F00F8C96F /* Foundation.framework */ = {isa = PBXFileReference; lastKnownFileType = wrapper.framework; name = Foundation.framework; path = System/Library/Frameworks/Foundation.framework; sourceTree = SDKROOT; };
		6997BD711473202F00F8C96F /* CoreGraphics.framework */ = {isa = PBXFileReference; lastKnownFileType = wrapper.framework; name = CoreGraphics.framework; path = System/Library/Frameworks/CoreGraphics.framework; sourceTree = SDKROOT; };
		6997BDB9147329F400F8C96F /* main.m */ = {isa = PBXFileReference; fileEncoding = 4; lastKnownFileType = sourcecode.c.objc; path = main.m; sourceTree = "<group>"; };
		6997BDBB14732A7000F8C96F /* TollAvoider-Prefix.pch */ = {isa = PBXFileReference; fileEncoding = 4; lastKnownFileType = sourcecode.c.h; path = "TollAvoider-Prefix.pch"; sourceTree = "<group>"; };
		6997BDBD14732B6C00F8C96F /* TollAvoider-Info.plist */ = {isa = PBXFileReference; fileEncoding = 4; lastKnownFileType = text.plist.xml; path = "TollAvoider-Info.plist"; sourceTree = "<group>"; };
		6997BDC614732BD700F8C96F /* en */ = {isa = PBXFileReference; lastKnownFileType = text.plist.strings; name = en; path = InfoPlist.strings; sourceTree = "<group>"; };
		6997BDCA14732C7B00F8C96F /* TAAppDelegate.h */ = {isa = PBXFileReference; fileEncoding = 4; lastKnownFileType = sourcecode.c.h; path = TAAppDelegate.h; sourceTree = "<group>"; };
		6997BDCB14732C7B00F8C96F /* TAAppDelegate.m */ = {isa = PBXFileReference; fileEncoding = 4; lastKnownFileType = sourcecode.c.objc; path = TAAppDelegate.m; sourceTree = "<group>"; };
		69DAAC501486C7A10057FE34 /* Direct.png */ = {isa = PBXFileReference; lastKnownFileType = image.png; path = Direct.png; sourceTree = "<group>"; };
		69DAAC511486C7A10057FE34 /* Direct@2x.png */ = {isa = PBXFileReference; lastKnownFileType = image.png; path = "Direct@2x.png"; sourceTree = "<group>"; };
		69DAAC521486C7A10057FE34 /* I-90.png */ = {isa = PBXFileReference; lastKnownFileType = image.png; path = "I-90.png"; sourceTree = "<group>"; };
		69DAAC531486C7A10057FE34 /* I-90@2x.png */ = {isa = PBXFileReference; lastKnownFileType = image.png; path = "I-90@2x.png"; sourceTree = "<group>"; };
		69DAAC541486C7A10057FE34 /* WA-520.png */ = {isa = PBXFileReference; lastKnownFileType = image.png; path = "WA-520.png"; sourceTree = "<group>"; };
		69DAAC551486C7A10057FE34 /* WA-520@2x.png */ = {isa = PBXFileReference; lastKnownFileType = image.png; path = "WA-520@2x.png"; sourceTree = "<group>"; };
/* End PBXFileReference section */

/* Begin PBXFrameworksBuildPhase section */
		6997BD661473202F00F8C96F /* Frameworks */ = {
			isa = PBXFrameworksBuildPhase;
			buildActionMask = 2147483647;
			files = (
				695F2A8F1475CBFF007EBA17 /* CoreLocation.framework in Frameworks */,
				6997BD6E1473202F00F8C96F /* UIKit.framework in Frameworks */,
				6997BD701473202F00F8C96F /* Foundation.framework in Frameworks */,
				6997BD721473202F00F8C96F /* CoreGraphics.framework in Frameworks */,
			);
			runOnlyForDeploymentPostprocessing = 0;
		};
/* End PBXFrameworksBuildPhase section */

/* Begin PBXGroup section */
		695F2A7B1475B248007EBA17 /* Images */ = {
			isa = PBXGroup;
			children = (
				695F2A7C1475B248007EBA17 /* Results */,
				695F2A7E1475B248007EBA17 /* Search */,
			);
			path = Images;
			sourceTree = "<group>";
		};
		695F2A7C1475B248007EBA17 /* Results */ = {
			isa = PBXGroup;
			children = (
				69DAAC501486C7A10057FE34 /* Direct.png */,
				69DAAC511486C7A10057FE34 /* Direct@2x.png */,
				69DAAC521486C7A10057FE34 /* I-90.png */,
				69DAAC531486C7A10057FE34 /* I-90@2x.png */,
				69DAAC541486C7A10057FE34 /* WA-520.png */,
				69DAAC551486C7A10057FE34 /* WA-520@2x.png */,
			);
			path = Results;
			sourceTree = "<group>";
		};
		695F2A7E1475B248007EBA17 /* Search */ = {
			isa = PBXGroup;
			children = (
				698AF6BC147AEA580032B278 /* 184-warning-white.png */,
				698AF6BD147AEA580032B278 /* 184-warning-white@2x.png */,
				698AF6BE147AEA580032B278 /* 184-warning.png */,
				698AF6BF147AEA580032B278 /* 184-warning@2x.png */,
				695F2A7F1475B248007EBA17 /* Search Background@2x.png */,
			);
			path = Search;
			sourceTree = "<group>";
		};
		698AF57F1475DCD70032B278 /* JSON v2.3.2 (iOS) */ = {
			isa = PBXGroup;
			children = (
				698AF5821475DCD70032B278 /* Classes */,
			);
			path = "JSON v2.3.2 (iOS)";
			sourceTree = "<group>";
		};
		698AF5821475DCD70032B278 /* Classes */ = {
			isa = PBXGroup;
			children = (
				698AF5831475DCD70032B278 /* JSON.h */,
				698AF5841475DCD70032B278 /* NSObject+SBJSON.h */,
				698AF5851475DCD70032B278 /* NSObject+SBJSON.m */,
				698AF5861475DCD70032B278 /* NSString+SBJSON.h */,
				698AF5871475DCD70032B278 /* NSString+SBJSON.m */,
				698AF5881475DCD70032B278 /* SBJsonBase.h */,
				698AF5891475DCD70032B278 /* SBJsonBase.m */,
				698AF58A1475DCD70032B278 /* SBJsonParser.h */,
				698AF58B1475DCD70032B278 /* SBJsonParser.m */,
				698AF58C1475DCD70032B278 /* SBJsonWriter.h */,
				698AF58D1475DCD70032B278 /* SBJsonWriter.m */,
			);
			path = Classes;
			sourceTree = "<group>";
		};
		6997BD5E1473202F00F8C96F = {
			isa = PBXGroup;
			children = (
				6997BDC814732C7B00F8C96F /* Classes */,
				6997BDD114732D5400F8C96F /* Libraries */,
				6997BDB8147329F400F8C96F /* Other Sources */,
				6997BDD014732D3D00F8C96F /* Resources */,
				6997BDBC14732B6C00F8C96F /* Supporting Files */,
				6997BD6C1473202F00F8C96F /* Frameworks */,
				6997BD6A1473202F00F8C96F /* Products */,
			);
			sourceTree = "<group>";
		};
		6997BD6A1473202F00F8C96F /* Products */ = {
			isa = PBXGroup;
			children = (
				6997BD691473202F00F8C96F /* TollAvoider.app */,
			);
			name = Products;
			sourceTree = "<group>";
		};
		6997BD6C1473202F00F8C96F /* Frameworks */ = {
			isa = PBXGroup;
			children = (
				6997BD6D1473202F00F8C96F /* UIKit.framework */,
				6997BD6F1473202F00F8C96F /* Foundation.framework */,
				6997BD711473202F00F8C96F /* CoreGraphics.framework */,
				695F2A8E1475CBFF007EBA17 /* CoreLocation.framework */,
			);
			name = Frameworks;
			sourceTree = "<group>";
		};
		6997BDB8147329F400F8C96F /* Other Sources */ = {
			isa = PBXGroup;
			children = (
				6997BDB9147329F400F8C96F /* main.m */,
				6997BDBB14732A7000F8C96F /* TollAvoider-Prefix.pch */,
			);
			path = "Other Sources";
			sourceTree = "<group>";
		};
		6997BDBC14732B6C00F8C96F /* Supporting Files */ = {
			isa = PBXGroup;
			children = (
				6997BDC414732BD700F8C96F /* en.lproj */,
				6997BDBD14732B6C00F8C96F /* TollAvoider-Info.plist */,
			);
			path = "Supporting Files";
			sourceTree = "<group>";
		};
		6997BDC414732BD700F8C96F /* en.lproj */ = {
			isa = PBXGroup;
			children = (
				6997BDC514732BD700F8C96F /* InfoPlist.strings */,
			);
			path = en.lproj;
			sourceTree = "<group>";
		};
		6997BDC814732C7B00F8C96F /* Classes */ = {
			isa = PBXGroup;
			children = (
				6997BDC914732C7B00F8C96F /* Application Delegate */,
				6997BDCC14732C7B00F8C96F /* Model */,
				6997BDCD14732C7B00F8C96F /* Utility Classes */,
				6997BDCE14732C7B00F8C96F /* View Controllers */,
			);
			path = Classes;
			sourceTree = "<group>";
		};
		6997BDC914732C7B00F8C96F /* Application Delegate */ = {
			isa = PBXGroup;
			children = (
				6997BDCA14732C7B00F8C96F /* TAAppDelegate.h */,
				6997BDCB14732C7B00F8C96F /* TAAppDelegate.m */,
			);
			path = "Application Delegate";
			sourceTree = "<group>";
		};
		6997BDCC14732C7B00F8C96F /* Model */ = {
			isa = PBXGroup;
			children = (
				698AF5731475D1DB0032B278 /* TADestinationGeocoder.h */,
				698AF5741475D1DB0032B278 /* TADestinationGeocoder.m */,
				698AF5771475D2060032B278 /* TADestinationGeocoderStatus.h */,
				698AF5781475D7130032B278 /* TASearchLocation.h */,
				698AF5791475D7130032B278 /* TASearchLocation.m */,
				695F2A8A1475C8CA007EBA17 /* TALocationTracking.h */,
				695F2A8B1475C8CA007EBA17 /* TALocationTracking.m */,
				698AF6BB1477236D0032B278 /* TALocationTrackingStatus.h */,
				698AF6E8148469E00032B278 /* TADirectionsRequest.h */,
				698AF6E9148469E00032B278 /* TADirectionsRequest.m */,
				698AF6EC14856ABA0032B278 /* TADirectionsRequestStatus.h */,
				698AF6ED14856DE70032B278 /* TADirectionsRoute.h */,
				698AF6EE14856DE80032B278 /* TADirectionsRoute.m */,
			);
			path = Model;
			sourceTree = "<group>";
		};
		6997BDCD14732C7B00F8C96F /* Utility Classes */ = {
			isa = PBXGroup;
			children = (
				698AF57B1475D8E70032B278 /* PPURLRequest.h */,
				698AF57C1475D8E70032B278 /* PPURLRequest.m */,
				698AF57D1475D8E70032B278 /* PPURLRequestDelegate.h */,
			);
			path = "Utility Classes";
			sourceTree = "<group>";
		};
		6997BDCE14732C7B00F8C96F /* View Controllers */ = {
			isa = PBXGroup;
			children = (
				695F2A731475A27D007EBA17 /* MainWindow.xib */,
				695F2A761475B07B007EBA17 /* TASearchViewController.h */,
				695F2A771475B07B007EBA17 /* TASearchViewController.m */,
				695F2A781475B07B007EBA17 /* TASearchViewController.xib */,
				698AF6CC147B09A80032B278 /* TAResultsViewController.h */,
				698AF6CD147B09A80032B278 /* TAResultsViewController.m */,
				698AF6CE147B09A80032B278 /* TAResultsViewController.xib */,
				698AF6D2147C39610032B278 /* TAResultsTableViewCell.h */,
				698AF6D3147C39610032B278 /* TAResultsTableViewCell.m */,
				698AF6D5147C39CA0032B278 /* TAResultsTableViewCell.xib */,
			);
			path = "View Controllers";
			sourceTree = "<group>";
		};
		6997BDD014732D3D00F8C96F /* Resources */ = {
			isa = PBXGroup;
			children = (
				695F2A7B1475B248007EBA17 /* Images */,
			);
			path = Resources;
			sourceTree = "<group>";
		};
		6997BDD114732D5400F8C96F /* Libraries */ = {
			isa = PBXGroup;
			children = (
				698AF57F1475DCD70032B278 /* JSON v2.3.2 (iOS) */,
			);
			path = Libraries;
			sourceTree = "<group>";
		};
/* End PBXGroup section */

/* Begin PBXNativeTarget section */
		6997BD681473202F00F8C96F /* TollAvoider */ = {
			isa = PBXNativeTarget;
			buildConfigurationList = 6997BD811473202F00F8C96F /* Build configuration list for PBXNativeTarget "TollAvoider" */;
			buildPhases = (
				6997BD651473202F00F8C96F /* Sources */,
				6997BD661473202F00F8C96F /* Frameworks */,
				6997BD671473202F00F8C96F /* Resources */,
			);
			buildRules = (
			);
			dependencies = (
			);
			name = TollAvoider;
			productName = TollAvoider;
			productReference = 6997BD691473202F00F8C96F /* TollAvoider.app */;
			productType = "com.apple.product-type.application";
		};
/* End PBXNativeTarget section */

/* Begin PBXProject section */
		6997BD601473202F00F8C96F /* Project object */ = {
			isa = PBXProject;
			attributes = {
				LastUpgradeCheck = 0420;
			};
			buildConfigurationList = 6997BD631473202F00F8C96F /* Build configuration list for PBXProject "TollAvoider" */;
			compatibilityVersion = "Xcode 3.2";
			developmentRegion = English;
			hasScannedForEncodings = 0;
			knownRegions = (
				en,
			);
			mainGroup = 6997BD5E1473202F00F8C96F;
			productRefGroup = 6997BD6A1473202F00F8C96F /* Products */;
			projectDirPath = "";
			projectRoot = "";
			targets = (
				6997BD681473202F00F8C96F /* TollAvoider */,
			);
		};
/* End PBXProject section */

/* Begin PBXResourcesBuildPhase section */
		6997BD671473202F00F8C96F /* Resources */ = {
			isa = PBXResourcesBuildPhase;
			buildActionMask = 2147483647;
			files = (
				6997BDC714732BD700F8C96F /* InfoPlist.strings in Resources */,
				695F2A741475A27D007EBA17 /* MainWindow.xib in Resources */,
				695F2A7A1475B07B007EBA17 /* TASearchViewController.xib in Resources */,
				695F2A811475B248007EBA17 /* Search Background@2x.png in Resources */,
				698AF6C0147AEA580032B278 /* 184-warning-white.png in Resources */,
				698AF6C1147AEA580032B278 /* 184-warning-white@2x.png in Resources */,
				698AF6C2147AEA580032B278 /* 184-warning.png in Resources */,
				698AF6C3147AEA580032B278 /* 184-warning@2x.png in Resources */,
				698AF6D0147B09A80032B278 /* TAResultsViewController.xib in Resources */,
				698AF6D6147C39CA0032B278 /* TAResultsTableViewCell.xib in Resources */,
				69DAAC561486C7A10057FE34 /* Direct.png in Resources */,
				69DAAC571486C7A10057FE34 /* Direct@2x.png in Resources */,
				69DAAC581486C7A10057FE34 /* I-90.png in Resources */,
				69DAAC591486C7A10057FE34 /* I-90@2x.png in Resources */,
				69DAAC5A1486C7A10057FE34 /* WA-520.png in Resources */,
				69DAAC5B1486C7A10057FE34 /* WA-520@2x.png in Resources */,
			);
			runOnlyForDeploymentPostprocessing = 0;
		};
/* End PBXResourcesBuildPhase section */

/* Begin PBXSourcesBuildPhase section */
		6997BD651473202F00F8C96F /* Sources */ = {
			isa = PBXSourcesBuildPhase;
			buildActionMask = 2147483647;
			files = (
				6997BDBA147329F400F8C96F /* main.m in Sources */,
				6997BDCF14732C7B00F8C96F /* TAAppDelegate.m in Sources */,
				695F2A791475B07B007EBA17 /* TASearchViewController.m in Sources */,
				695F2A8C1475C8CA007EBA17 /* TALocationTracking.m in Sources */,
				698AF6121475DCD70032B278 /* NSObject+SBJSON.m in Sources */,
				698AF6131475DCD70032B278 /* NSString+SBJSON.m in Sources */,
				698AF6141475DCD70032B278 /* SBJsonBase.m in Sources */,
				698AF6151475DCD70032B278 /* SBJsonParser.m in Sources */,
				698AF6161475DCD70032B278 /* SBJsonWriter.m in Sources */,
				698AF5751475D1DB0032B278 /* TADestinationGeocoder.m in Sources */,
				698AF57A1475D7130032B278 /* TASearchLocation.m in Sources */,
				698AF57E1475D8E70032B278 /* PPURLRequest.m in Sources */,
				698AF6CF147B09A80032B278 /* TAResultsViewController.m in Sources */,
				698AF6D4147C39610032B278 /* TAResultsTableViewCell.m in Sources */,
				698AF6EA148469E00032B278 /* TADirectionsRequest.m in Sources */,
				698AF6EF14856DE80032B278 /* TADirectionsRoute.m in Sources */,
			);
			runOnlyForDeploymentPostprocessing = 0;
		};
/* End PBXSourcesBuildPhase section */

/* Begin PBXVariantGroup section */
		6997BDC514732BD700F8C96F /* InfoPlist.strings */ = {
			isa = PBXVariantGroup;
			children = (
				6997BDC614732BD700F8C96F /* en */,
			);
			name = InfoPlist.strings;
			sourceTree = "<group>";
		};
/* End PBXVariantGroup section */

/* Begin XCBuildConfiguration section */
		6997BD7F1473202F00F8C96F /* Debug */ = {
			isa = XCBuildConfiguration;
			buildSettings = {
				ALWAYS_SEARCH_USER_PATHS = NO;
				ARCHS = "$(ARCHS_STANDARD_32_BIT)";
				"CODE_SIGN_IDENTITY[sdk=iphoneos*]" = "iPhone Developer";
				COPY_PHASE_STRIP = NO;
				GCC_C_LANGUAGE_STANDARD = gnu99;
				GCC_DYNAMIC_NO_PIC = NO;
				GCC_OPTIMIZATION_LEVEL = 0;
				GCC_PREPROCESSOR_DEFINITIONS = (
					"DEBUG=1",
					"$(inherited)",
				);
				GCC_SYMBOLS_PRIVATE_EXTERN = NO;
				GCC_VERSION = com.apple.compilers.llvm.clang.1_0;
				GCC_WARN_ABOUT_MISSING_PROTOTYPES = YES;
				GCC_WARN_ABOUT_RETURN_TYPE = YES;
				GCC_WARN_UNUSED_VARIABLE = YES;
				IPHONEOS_DEPLOYMENT_TARGET = 4.3;
				SDKROOT = iphoneos;
			};
			name = Debug;
		};
		6997BD801473202F00F8C96F /* Release */ = {
			isa = XCBuildConfiguration;
			buildSettings = {
				ALWAYS_SEARCH_USER_PATHS = NO;
				ARCHS = "$(ARCHS_STANDARD_32_BIT)";
				"CODE_SIGN_IDENTITY[sdk=iphoneos*]" = "iPhone Developer";
				COPY_PHASE_STRIP = YES;
				GCC_C_LANGUAGE_STANDARD = gnu99;
				GCC_VERSION = com.apple.compilers.llvm.clang.1_0;
				GCC_WARN_ABOUT_MISSING_PROTOTYPES = YES;
				GCC_WARN_ABOUT_RETURN_TYPE = YES;
				GCC_WARN_UNUSED_VARIABLE = YES;
				IPHONEOS_DEPLOYMENT_TARGET = 4.3;
				OTHER_CFLAGS = "-DNS_BLOCK_ASSERTIONS=1";
				SDKROOT = iphoneos;
				VALIDATE_PRODUCT = YES;
			};
			name = Release;
		};
		6997BD821473202F00F8C96F /* Debug */ = {
			isa = XCBuildConfiguration;
			buildSettings = {
				GCC_PRECOMPILE_PREFIX_HEADER = YES;
				GCC_PREFIX_HEADER = "Other Sources/TollAvoider-Prefix.pch";
				INFOPLIST_FILE = "Supporting Files/TollAvoider-Info.plist";
				PRODUCT_NAME = "$(TARGET_NAME)";
				WRAPPER_EXTENSION = app;
			};
			name = Debug;
		};
		6997BD831473202F00F8C96F /* Release */ = {
			isa = XCBuildConfiguration;
			buildSettings = {
				GCC_PRECOMPILE_PREFIX_HEADER = YES;
				GCC_PREFIX_HEADER = "Other Sources/TollAvoider-Prefix.pch";
				INFOPLIST_FILE = "Supporting Files/TollAvoider-Info.plist";
				PRODUCT_NAME = "$(TARGET_NAME)";
				WRAPPER_EXTENSION = app;
			};
			name = Release;
		};
/* End XCBuildConfiguration section */

/* Begin XCConfigurationList section */
		6997BD631473202F00F8C96F /* Build configuration list for PBXProject "TollAvoider" */ = {
			isa = XCConfigurationList;
			buildConfigurations = (
				6997BD7F1473202F00F8C96F /* Debug */,
				6997BD801473202F00F8C96F /* Release */,
			);
			defaultConfigurationIsVisible = 0;
			defaultConfigurationName = Release;
		};
		6997BD811473202F00F8C96F /* Build configuration list for PBXNativeTarget "TollAvoider" */ = {
			isa = XCConfigurationList;
			buildConfigurations = (
				6997BD821473202F00F8C96F /* Debug */,
				6997BD831473202F00F8C96F /* Release */,
			);
			defaultConfigurationIsVisible = 0;
			defaultConfigurationName = Release;
		};
/* End XCConfigurationList section */
	};
	rootObject = 6997BD601473202F00F8C96F /* Project object */;
}
